
Microsoft Visual Studio Solution File, Format Version 12.00
# Visual Studio Version 17
VisualStudioVersion = 17.7.34031.279
MinimumVisualStudioVersion = 10.0.40219.1
Project("{FAE04EC0-301F-11D3-BF4B-00C04F79EFBC}") = "CalculateInterest", "CalculateInterest.csproj", "{31937B1E-266D-47AC-8DD2-1901379D4B24}"
EndProject
Global
	GlobalSection(SolutionConfigurationPlatforms) = preSolution
		Debug|Any CPU = Debug|Any CPU
		Release|Any CPU = Release|Any CPU
	EndGlobalSection
	GlobalSection(ProjectConfigurationPlatforms) = postSolution
		{31937B1E-266D-47AC-8DD2-1901379D4B24}.Debug|Any CPU.ActiveCfg = Debug|Any CPU
		{31937B1E-266D-47AC-8DD2-1901379D4B24}.Debug|Any CPU.Build.0 = Debug|Any CPU
		{31937B1E-266D-47AC-8DD2-1901379D4B24}.Release|Any CPU.ActiveCfg = Release|Any CPU
		{31937B1E-266D-47AC-8DD2-1901379D4B24}.Release|Any CPU.Build.0 = Release|Any CPU
	EndGlobalSection
	GlobalSection(SolutionProperties) = preSolution
		HideSolutionNode = FALSE
	EndGlobalSection
	GlobalSection(ExtensibilityGlobals) = postSolution
		SolutionGuid = {AEA7DC95-33B6-40CF-9D23-4D6A26EA08F8}
	EndGlobalSection
EndGlobal
